{
  "name": "typechain",
  "version": "1.0.0",
  "lockfileVersion": 2,
  "requires": true,
  "packages": {
    "": {
      "name": "typechain",
      "version": "1.0.0",
      "license": "MIT",
      "dependencies": {
        "crypto-js": "^4.1.1",
        "global": "^4.4.0",
        "typescript": "^4.3.5"
      }
    },
    "node_modules/crypto-js": {
      "version": "4.1.1",
      "license": "MIT"
    },
    "node_modules/dom-walk": {
      "version": "0.1.2"
    },
    "node_modules/global": {
      "version": "4.4.0",
      "license": "MIT",
      "dependencies": {
        "min-document": "^2.19.0",
        "process": "^0.11.10"
      }
    },
    "node_modules/min-document": {
      "version": "2.19.0",
      "dependencies": {
        "dom-walk": "^0.1.0"
      }
    },
    "node_modules/process": {
      "version": "0.11.10",
      "license": "MIT",
      "engines": {
        "node": ">= 0.6.0"
      }
    },
    "node_modules/typescript": {
      "version": "4.3.5",
      "license": "Apache-2.0",
      "bin": {
        "tsc": "bin/tsc",
        "tsserver": "bin/tsserver"
      },
      "engines": {
        "node": ">=4.2.0"
      }
    }
  },
  "dependencies": {
    "crypto-js": {
      "version": "4.1.1"
    },
    "dom-walk": {
      "version": "0.1.2"
    },
    "global": {
      "version": "4.4.0",
      "requires": {
        "min-document": "^2.19.0",
        "process": "^0.11.10"
      }
    },
    "min-document": {
      "version": "2.19.0",
      "requires": {
        "dom-walk": "^0.1.0"
      }
    },
    "process": {
      "version": "0.11.10"
    },
    "typescript": {
      "version": "4.3.5"
    }
  }
}
